
Microsoft Visual Studio Solution File, Format Version 12.00
# Visual Studio Version 16
VisualStudioVersion = 16.0.32413.511
MinimumVisualStudioVersion = 10.0.40219.1
Project("{FAE04EC0-301F-11D3-BF4B-00C04F79EFBC}") = "aio_bypasser", "aio_bypasser\aio_bypasser.csproj", "{28701A38-8EBE-4A6D-A362-F4466E75BC12}"
EndProject
Global
	GlobalSection(SolutionConfigurationPlatforms) = preSolution
		Debug|Any CPU = Debug|Any CPU
		Release|Any CPU = Release|Any CPU
	EndGlobalSection
	GlobalSection(ProjectConfigurationPlatforms) = postSolution
		{28701A38-8EBE-4A6D-A362-F4466E75BC12}.Debug|Any CPU.ActiveCfg = Debug|Any CPU
		{28701A38-8EBE-4A6D-A362-F4466E75BC12}.Debug|Any CPU.Build.0 = Debug|Any CPU
		{28701A38-8EBE-4A6D-A362-F4466E75BC12}.Release|Any CPU.ActiveCfg = Release|Any CPU
		{28701A38-8EBE-4A6D-A362-F4466E75BC12}.Release|Any CPU.Build.0 = Release|Any CPU
	EndGlobalSection
	GlobalSection(SolutionProperties) = preSolution
		HideSolutionNode = FALSE
	EndGlobalSection
	GlobalSection(ExtensibilityGlobals) = postSolution
		SolutionGuid = {99CC2BEC-5FB0-4A40-94B4-AC6779C44A59}
	EndGlobalSection
EndGlobal
